
Microsoft Visual Studio Solution File, Format Version 12.00
Project("{FAE04EC0-301F-11D3-BF4B-00C04F79EFBC}") = "UnitTestingVladimirKhorikov", "UnitTestingVladimirKhorikov\UnitTestingVladimirKhorikov.csproj", "{55CDB42E-2E06-4B12-BEE5-4537540AB749}"
EndProject
Project("{FAE04EC0-301F-11D3-BF4B-00C04F79EFBC}") = "SharedDependency", "SharedDependency\SharedDependency.csproj", "{73FF8DA8-B87B-4E17-883B-4E53217FBB3A}"
EndProject
Global
	GlobalSection(SolutionConfigurationPlatforms) = preSolution
		Debug|Any CPU = Debug|Any CPU
		Release|Any CPU = Release|Any CPU
	EndGlobalSection
	GlobalSection(ProjectConfigurationPlatforms) = postSolution
		{55CDB42E-2E06-4B12-BEE5-4537540AB749}.Debug|Any CPU.ActiveCfg = Debug|Any CPU
		{55CDB42E-2E06-4B12-BEE5-4537540AB749}.Debug|Any CPU.Build.0 = Debug|Any CPU
		{55CDB42E-2E06-4B12-BEE5-4537540AB749}.Release|Any CPU.ActiveCfg = Release|Any CPU
		{55CDB42E-2E06-4B12-BEE5-4537540AB749}.Release|Any CPU.Build.0 = Release|Any CPU
		{73FF8DA8-B87B-4E17-883B-4E53217FBB3A}.Debug|Any CPU.ActiveCfg = Debug|Any CPU
		{73FF8DA8-B87B-4E17-883B-4E53217FBB3A}.Debug|Any CPU.Build.0 = Debug|Any CPU
		{73FF8DA8-B87B-4E17-883B-4E53217FBB3A}.Release|Any CPU.ActiveCfg = Release|Any CPU
		{73FF8DA8-B87B-4E17-883B-4E53217FBB3A}.Release|Any CPU.Build.0 = Release|Any CPU
	EndGlobalSection
EndGlobal
